
Microsoft Visual Studio Solution File, Format Version 12.00
# Visual Studio 15
VisualStudioVersion = 15.0.28010.2003
MinimumVisualStudioVersion = 10.0.40219.1
Project("{FAE04EC0-301F-11D3-BF4B-00C04F79EFBC}") = "ConstructionCS", "ConstructionCS\ConstructionCS.csproj", "{FE63FA78-DE4F-41E7-9400-65C2F8F7D912}"
EndProject
Global
	GlobalSection(SolutionConfigurationPlatforms) = preSolution
		Debug|Any CPU = Debug|Any CPU
		Release|Any CPU = Release|Any CPU
	EndGlobalSection
	GlobalSection(ProjectConfigurationPlatforms) = postSolution
		{FE63FA78-DE4F-41E7-9400-65C2F8F7D912}.Debug|Any CPU.ActiveCfg = Debug|Any CPU
		{FE63FA78-DE4F-41E7-9400-65C2F8F7D912}.Debug|Any CPU.Build.0 = Debug|Any CPU
		{FE63FA78-DE4F-41E7-9400-65C2F8F7D912}.Release|Any CPU.ActiveCfg = Release|Any CPU
		{FE63FA78-DE4F-41E7-9400-65C2F8F7D912}.Release|Any CPU.Build.0 = Release|Any CPU
	EndGlobalSection
	GlobalSection(SolutionProperties) = preSolution
		HideSolutionNode = FALSE
	EndGlobalSection
	GlobalSection(ExtensibilityGlobals) = postSolution
		SolutionGuid = {A1D776E7-CD82-4B87-9D1F-D2B9DFEFB3F6}
	EndGlobalSection
EndGlobal
