
Microsoft Visual Studio Solution File, Format Version 12.00
# Visual Studio 15
VisualStudioVersion = 15.0.28010.2003
MinimumVisualStudioVersion = 10.0.40219.1
Project("{FAE04EC0-301F-11D3-BF4B-00C04F79EFBC}") = "TransformationCS", "TransformationCS\TransformationCS.csproj", "{EC5B53FD-AD67-45B7-A59C-4935A204B614}"
EndProject
Global
	GlobalSection(SolutionConfigurationPlatforms) = preSolution
		Debug|Any CPU = Debug|Any CPU
		Release|Any CPU = Release|Any CPU
	EndGlobalSection
	GlobalSection(ProjectConfigurationPlatforms) = postSolution
		{EC5B53FD-AD67-45B7-A59C-4935A204B614}.Debug|Any CPU.ActiveCfg = Debug|Any CPU
		{EC5B53FD-AD67-45B7-A59C-4935A204B614}.Debug|Any CPU.Build.0 = Debug|Any CPU
		{EC5B53FD-AD67-45B7-A59C-4935A204B614}.Release|Any CPU.ActiveCfg = Release|Any CPU
		{EC5B53FD-AD67-45B7-A59C-4935A204B614}.Release|Any CPU.Build.0 = Release|Any CPU
	EndGlobalSection
	GlobalSection(SolutionProperties) = preSolution
		HideSolutionNode = FALSE
	EndGlobalSection
	GlobalSection(ExtensibilityGlobals) = postSolution
		SolutionGuid = {F9237E49-26A3-4D8E-B762-149A8E79BC5E}
	EndGlobalSection
EndGlobal
