
Microsoft Visual Studio Solution File, Format Version 12.00
# Visual Studio 15
VisualStudioVersion = 15.0.28010.2003
MinimumVisualStudioVersion = 10.0.40219.1
Project("{FAE04EC0-301F-11D3-BF4B-00C04F79EFBC}") = "Test1", "Test1\Test1\Test1.csproj", "{F17719EA-6C38-41A8-9FCD-505D9D6BFDCB}"
EndProject
Project("{FAE04EC0-301F-11D3-BF4B-00C04F79EFBC}") = "Test1.Test", "Test1\Test1.Test\Test1.Test.csproj", "{565C11DB-60C6-45B2-AF84-635E2EB6BE53}"
EndProject
Project("{FAE04EC0-301F-11D3-BF4B-00C04F79EFBC}") = "Test1.Vsix", "Test1\Test1.Vsix\Test1.Vsix.csproj", "{B32B0397-6178-479A-A042-612B366719BD}"
EndProject
Global
	GlobalSection(SolutionConfigurationPlatforms) = preSolution
		Debug|Any CPU = Debug|Any CPU
		Release|Any CPU = Release|Any CPU
	EndGlobalSection
	GlobalSection(ProjectConfigurationPlatforms) = postSolution
		{F17719EA-6C38-41A8-9FCD-505D9D6BFDCB}.Debug|Any CPU.ActiveCfg = Debug|Any CPU
		{F17719EA-6C38-41A8-9FCD-505D9D6BFDCB}.Debug|Any CPU.Build.0 = Debug|Any CPU
		{F17719EA-6C38-41A8-9FCD-505D9D6BFDCB}.Release|Any CPU.ActiveCfg = Release|Any CPU
		{F17719EA-6C38-41A8-9FCD-505D9D6BFDCB}.Release|Any CPU.Build.0 = Release|Any CPU
		{565C11DB-60C6-45B2-AF84-635E2EB6BE53}.Debug|Any CPU.ActiveCfg = Debug|Any CPU
		{565C11DB-60C6-45B2-AF84-635E2EB6BE53}.Debug|Any CPU.Build.0 = Debug|Any CPU
		{565C11DB-60C6-45B2-AF84-635E2EB6BE53}.Release|Any CPU.ActiveCfg = Release|Any CPU
		{565C11DB-60C6-45B2-AF84-635E2EB6BE53}.Release|Any CPU.Build.0 = Release|Any CPU
		{B32B0397-6178-479A-A042-612B366719BD}.Debug|Any CPU.ActiveCfg = Debug|Any CPU
		{B32B0397-6178-479A-A042-612B366719BD}.Debug|Any CPU.Build.0 = Debug|Any CPU
		{B32B0397-6178-479A-A042-612B366719BD}.Release|Any CPU.ActiveCfg = Release|Any CPU
		{B32B0397-6178-479A-A042-612B366719BD}.Release|Any CPU.Build.0 = Release|Any CPU
	EndGlobalSection
	GlobalSection(SolutionProperties) = preSolution
		HideSolutionNode = FALSE
	EndGlobalSection
	GlobalSection(ExtensibilityGlobals) = postSolution
		SolutionGuid = {61D17D3B-7288-4F88-88FC-F1E3EB1B043F}
	EndGlobalSection
EndGlobal
