
Microsoft Visual Studio Solution File, Format Version 12.00
# Visual Studio 15
VisualStudioVersion = 15.0.28010.2003
MinimumVisualStudioVersion = 10.0.40219.1
Project("{FAE04EC0-301F-11D3-BF4B-00C04F79EFBC}") = "ConstantsCreation", "ConstantsCreation\ConstantsCreation\ConstantsCreation.csproj", "{F2B6A320-6B9B-4BD0-928C-4AF17136E6E5}"
EndProject
Project("{FAE04EC0-301F-11D3-BF4B-00C04F79EFBC}") = "ConstantsCreation.Test", "ConstantsCreation\ConstantsCreation.Test\ConstantsCreation.Test.csproj", "{575EB479-C8A5-4861-9E59-BF87CFDAB78C}"
EndProject
Project("{FAE04EC0-301F-11D3-BF4B-00C04F79EFBC}") = "ConstantsCreation.Vsix", "ConstantsCreation\ConstantsCreation.Vsix\ConstantsCreation.Vsix.csproj", "{05B35A7A-EC80-454F-A49C-255546994EBA}"
EndProject
Global
	GlobalSection(SolutionConfigurationPlatforms) = preSolution
		Debug|Any CPU = Debug|Any CPU
		Release|Any CPU = Release|Any CPU
	EndGlobalSection
	GlobalSection(ProjectConfigurationPlatforms) = postSolution
		{F2B6A320-6B9B-4BD0-928C-4AF17136E6E5}.Debug|Any CPU.ActiveCfg = Debug|Any CPU
		{F2B6A320-6B9B-4BD0-928C-4AF17136E6E5}.Debug|Any CPU.Build.0 = Debug|Any CPU
		{F2B6A320-6B9B-4BD0-928C-4AF17136E6E5}.Release|Any CPU.ActiveCfg = Release|Any CPU
		{F2B6A320-6B9B-4BD0-928C-4AF17136E6E5}.Release|Any CPU.Build.0 = Release|Any CPU
		{575EB479-C8A5-4861-9E59-BF87CFDAB78C}.Debug|Any CPU.ActiveCfg = Debug|Any CPU
		{575EB479-C8A5-4861-9E59-BF87CFDAB78C}.Debug|Any CPU.Build.0 = Debug|Any CPU
		{575EB479-C8A5-4861-9E59-BF87CFDAB78C}.Release|Any CPU.ActiveCfg = Release|Any CPU
		{575EB479-C8A5-4861-9E59-BF87CFDAB78C}.Release|Any CPU.Build.0 = Release|Any CPU
		{05B35A7A-EC80-454F-A49C-255546994EBA}.Debug|Any CPU.ActiveCfg = Debug|Any CPU
		{05B35A7A-EC80-454F-A49C-255546994EBA}.Debug|Any CPU.Build.0 = Debug|Any CPU
		{05B35A7A-EC80-454F-A49C-255546994EBA}.Release|Any CPU.ActiveCfg = Release|Any CPU
		{05B35A7A-EC80-454F-A49C-255546994EBA}.Release|Any CPU.Build.0 = Release|Any CPU
	EndGlobalSection
	GlobalSection(SolutionProperties) = preSolution
		HideSolutionNode = FALSE
	EndGlobalSection
	GlobalSection(ExtensibilityGlobals) = postSolution
		SolutionGuid = {CD574BB1-B83F-410D-8015-74637EC1F0FA}
	EndGlobalSection
EndGlobal
