
Microsoft Visual Studio Solution File, Format Version 12.00
# Visual Studio 15
VisualStudioVersion = 15.0.28010.2003
MinimumVisualStudioVersion = 10.0.40219.1
Project("{FAE04EC0-301F-11D3-BF4B-00C04F79EFBC}") = "MihaiConstantsRule", "MihaiConstantsRule\MihaiConstantsRule\MihaiConstantsRule.csproj", "{2F04C83B-B970-497A-B3DD-5E3AD65F46BA}"
EndProject
Project("{FAE04EC0-301F-11D3-BF4B-00C04F79EFBC}") = "MihaiConstantsRule.Test", "MihaiConstantsRule\MihaiConstantsRule.Test\MihaiConstantsRule.Test.csproj", "{F024839C-FAF2-4801-97FE-A7C0968513FD}"
EndProject
Project("{FAE04EC0-301F-11D3-BF4B-00C04F79EFBC}") = "MihaiConstantsRule.Vsix", "MihaiConstantsRule\MihaiConstantsRule.Vsix\MihaiConstantsRule.Vsix.csproj", "{78E791F1-A378-44A8-AD5A-4EB23F9453DF}"
EndProject
Global
	GlobalSection(SolutionConfigurationPlatforms) = preSolution
		Debug|Any CPU = Debug|Any CPU
		Release|Any CPU = Release|Any CPU
	EndGlobalSection
	GlobalSection(ProjectConfigurationPlatforms) = postSolution
		{2F04C83B-B970-497A-B3DD-5E3AD65F46BA}.Debug|Any CPU.ActiveCfg = Debug|Any CPU
		{2F04C83B-B970-497A-B3DD-5E3AD65F46BA}.Debug|Any CPU.Build.0 = Debug|Any CPU
		{2F04C83B-B970-497A-B3DD-5E3AD65F46BA}.Release|Any CPU.ActiveCfg = Release|Any CPU
		{2F04C83B-B970-497A-B3DD-5E3AD65F46BA}.Release|Any CPU.Build.0 = Release|Any CPU
		{F024839C-FAF2-4801-97FE-A7C0968513FD}.Debug|Any CPU.ActiveCfg = Debug|Any CPU
		{F024839C-FAF2-4801-97FE-A7C0968513FD}.Debug|Any CPU.Build.0 = Debug|Any CPU
		{F024839C-FAF2-4801-97FE-A7C0968513FD}.Release|Any CPU.ActiveCfg = Release|Any CPU
		{F024839C-FAF2-4801-97FE-A7C0968513FD}.Release|Any CPU.Build.0 = Release|Any CPU
		{78E791F1-A378-44A8-AD5A-4EB23F9453DF}.Debug|Any CPU.ActiveCfg = Debug|Any CPU
		{78E791F1-A378-44A8-AD5A-4EB23F9453DF}.Debug|Any CPU.Build.0 = Debug|Any CPU
		{78E791F1-A378-44A8-AD5A-4EB23F9453DF}.Release|Any CPU.ActiveCfg = Release|Any CPU
		{78E791F1-A378-44A8-AD5A-4EB23F9453DF}.Release|Any CPU.Build.0 = Release|Any CPU
	EndGlobalSection
	GlobalSection(SolutionProperties) = preSolution
		HideSolutionNode = FALSE
	EndGlobalSection
	GlobalSection(ExtensibilityGlobals) = postSolution
		SolutionGuid = {AE9F3C86-A5C6-4647-B068-B4684FAF4A4E}
	EndGlobalSection
EndGlobal
